
Microsoft Visual Studio Solution File, Format Version 11.00
# Visual Studio 2010
Project("{FAE04EC0-301F-11D3-BF4B-00C04F79EFBC}") = "Assembly-CSharp", "Assembly-CSharp.csproj", "{6F84F57F-210C-8794-4D1E-F0C8CCDB17FC}"
EndProject
Project("{FAE04EC0-301F-11D3-BF4B-00C04F79EFBC}") = "Assembly-CSharp-firstpass", "Assembly-CSharp-firstpass.csproj", "{2291344D-1E4A-BCB8-C4BA-F5DDB2718B8E}"
EndProject
Global
	GlobalSection(SolutionConfigurationPlatforms) = preSolution
		Debug|Any CPU = Debug|Any CPU
		Release|Any CPU = Release|Any CPU
	EndGlobalSection
	GlobalSection(ProjectConfigurationPlatforms) = postSolution
		{6F84F57F-210C-8794-4D1E-F0C8CCDB17FC}.Debug|Any CPU.ActiveCfg = Debug|Any CPU
		{6F84F57F-210C-8794-4D1E-F0C8CCDB17FC}.Debug|Any CPU.Build.0 = Debug|Any CPU
		{6F84F57F-210C-8794-4D1E-F0C8CCDB17FC}.Release|Any CPU.ActiveCfg = Release|Any CPU
		{6F84F57F-210C-8794-4D1E-F0C8CCDB17FC}.Release|Any CPU.Build.0 = Release|Any CPU
		{2291344D-1E4A-BCB8-C4BA-F5DDB2718B8E}.Debug|Any CPU.ActiveCfg = Debug|Any CPU
		{2291344D-1E4A-BCB8-C4BA-F5DDB2718B8E}.Debug|Any CPU.Build.0 = Debug|Any CPU
		{2291344D-1E4A-BCB8-C4BA-F5DDB2718B8E}.Release|Any CPU.ActiveCfg = Release|Any CPU
		{2291344D-1E4A-BCB8-C4BA-F5DDB2718B8E}.Release|Any CPU.Build.0 = Release|Any CPU
	EndGlobalSection
	GlobalSection(SolutionProperties) = preSolution
		HideSolutionNode = FALSE
	EndGlobalSection
	GlobalSection(MonoDevelopProperties) = preSolution
		StartupItem = Assembly-CSharp.csproj
	EndGlobalSection
EndGlobal
